// !$*UTF8*$!
{
	archiveVersion = 1;
	classes = {
	};
	objectVersion = 56;
	objects = {

/* Begin PBXBuildFile section */
		224176FC2C0331E300B1B3FF /* alphatodoappApp.swift in Sources */ = {isa = PBXBuildFile; fileRef = 224176FB2C0331E300B1B3FF /* alphatodoappApp.swift */; };
		224176FE2C0331E300B1B3FF /* MainView.swift in Sources */ = {isa = PBXBuildFile; fileRef = 224176FD2C0331E300B1B3FF /* MainView.swift */; };
		224177002C0331E400B1B3FF /* Assets.xcassets in Resources */ = {isa = PBXBuildFile; fileRef = 224176FF2C0331E400B1B3FF /* Assets.xcassets */; };
		224177032C0331E400B1B3FF /* Preview Assets.xcassets in Resources */ = {isa = PBXBuildFile; fileRef = 224177022C0331E400B1B3FF /* Preview Assets.xcassets */; };
		2241770D2C0331E400B1B3FF /* alphatodoappTests.swift in Sources */ = {isa = PBXBuildFile; fileRef = 2241770C2C0331E400B1B3FF /* alphatodoappTests.swift */; };
		224177172C0331E400B1B3FF /* alphatodoappUITests.swift in Sources */ = {isa = PBXBuildFile; fileRef = 224177162C0331E400B1B3FF /* alphatodoappUITests.swift */; };
		224177192C0331E400B1B3FF /* alphatodoappUITestsLaunchTests.swift in Sources */ = {isa = PBXBuildFile; fileRef = 224177182C0331E400B1B3FF /* alphatodoappUITestsLaunchTests.swift */; };
		224177272C03334700B1B3FF /* FirebaseAnalytics in Frameworks */ = {isa = PBXBuildFile; productRef = 224177262C03334700B1B3FF /* FirebaseAnalytics */; };
		224177292C03334700B1B3FF /* FirebaseAnalyticsOnDeviceConversion in Frameworks */ = {isa = PBXBuildFile; productRef = 224177282C03334700B1B3FF /* FirebaseAnalyticsOnDeviceConversion */; };
		2241772B2C03334700B1B3FF /* FirebaseAnalyticsSwift in Frameworks */ = {isa = PBXBuildFile; productRef = 2241772A2C03334700B1B3FF /* FirebaseAnalyticsSwift */; };
		2241772D2C03334700B1B3FF /* FirebaseAnalyticsWithoutAdIdSupport in Frameworks */ = {isa = PBXBuildFile; productRef = 2241772C2C03334700B1B3FF /* FirebaseAnalyticsWithoutAdIdSupport */; };
		2241772F2C03334700B1B3FF /* FirebaseAppCheck in Frameworks */ = {isa = PBXBuildFile; productRef = 2241772E2C03334700B1B3FF /* FirebaseAppCheck */; };
		224177312C03334700B1B3FF /* FirebaseAppDistribution-Beta in Frameworks */ = {isa = PBXBuildFile; productRef = 224177302C03334700B1B3FF /* FirebaseAppDistribution-Beta */; };
		224177332C03334700B1B3FF /* FirebaseAuth in Frameworks */ = {isa = PBXBuildFile; productRef = 224177322C03334700B1B3FF /* FirebaseAuth */; };
		224177352C03334700B1B3FF /* FirebaseAuthCombine-Community in Frameworks */ = {isa = PBXBuildFile; productRef = 224177342C03334700B1B3FF /* FirebaseAuthCombine-Community */; };
		224177372C03334700B1B3FF /* FirebaseCrashlytics in Frameworks */ = {isa = PBXBuildFile; productRef = 224177362C03334700B1B3FF /* FirebaseCrashlytics */; };
		224177392C03334700B1B3FF /* FirebaseDatabase in Frameworks */ = {isa = PBXBuildFile; productRef = 224177382C03334700B1B3FF /* FirebaseDatabase */; };
		2241773B2C03334700B1B3FF /* FirebaseDatabaseSwift in Frameworks */ = {isa = PBXBuildFile; productRef = 2241773A2C03334700B1B3FF /* FirebaseDatabaseSwift */; };
		2241773D2C03334700B1B3FF /* FirebaseDynamicLinks in Frameworks */ = {isa = PBXBuildFile; productRef = 2241773C2C03334700B1B3FF /* FirebaseDynamicLinks */; };
		2241773F2C03334700B1B3FF /* FirebaseFirestore in Frameworks */ = {isa = PBXBuildFile; productRef = 2241773E2C03334700B1B3FF /* FirebaseFirestore */; };
		224177412C03334700B1B3FF /* FirebaseFirestoreCombine-Community in Frameworks */ = {isa = PBXBuildFile; productRef = 224177402C03334700B1B3FF /* FirebaseFirestoreCombine-Community */; };
		224177432C03334700B1B3FF /* FirebaseFirestoreSwift in Frameworks */ = {isa = PBXBuildFile; productRef = 224177422C03334700B1B3FF /* FirebaseFirestoreSwift */; };
		224177452C03334700B1B3FF /* FirebaseFunctions in Frameworks */ = {isa = PBXBuildFile; productRef = 224177442C03334700B1B3FF /* FirebaseFunctions */; };
		224177472C03334700B1B3FF /* FirebaseFunctionsCombine-Community in Frameworks */ = {isa = PBXBuildFile; productRef = 224177462C03334700B1B3FF /* FirebaseFunctionsCombine-Community */; };
		224177492C03334700B1B3FF /* FirebaseInAppMessaging-Beta in Frameworks */ = {isa = PBXBuildFile; productRef = 224177482C03334700B1B3FF /* FirebaseInAppMessaging-Beta */; };
		2241774B2C03334700B1B3FF /* FirebaseInAppMessagingSwift-Beta in Frameworks */ = {isa = PBXBuildFile; productRef = 2241774A2C03334700B1B3FF /* FirebaseInAppMessagingSwift-Beta */; };
		2241774D2C03334700B1B3FF /* FirebaseInstallations in Frameworks */ = {isa = PBXBuildFile; productRef = 2241774C2C03334700B1B3FF /* FirebaseInstallations */; };
		2241774F2C03334700B1B3FF /* FirebaseMLModelDownloader in Frameworks */ = {isa = PBXBuildFile; productRef = 2241774E2C03334700B1B3FF /* FirebaseMLModelDownloader */; };
		224177512C03334700B1B3FF /* FirebaseMessaging in Frameworks */ = {isa = PBXBuildFile; productRef = 224177502C03334700B1B3FF /* FirebaseMessaging */; };
		224177532C03334700B1B3FF /* FirebasePerformance in Frameworks */ = {isa = PBXBuildFile; productRef = 224177522C03334700B1B3FF /* FirebasePerformance */; };
		224177552C03334700B1B3FF /* FirebaseRemoteConfig in Frameworks */ = {isa = PBXBuildFile; productRef = 224177542C03334700B1B3FF /* FirebaseRemoteConfig */; };
		224177572C03334700B1B3FF /* FirebaseRemoteConfigSwift in Frameworks */ = {isa = PBXBuildFile; productRef = 224177562C03334700B1B3FF /* FirebaseRemoteConfigSwift */; };
		224177592C03334700B1B3FF /* FirebaseStorage in Frameworks */ = {isa = PBXBuildFile; productRef = 224177582C03334700B1B3FF /* FirebaseStorage */; };
		2241775B2C03334700B1B3FF /* FirebaseStorageCombine-Community in Frameworks */ = {isa = PBXBuildFile; productRef = 2241775A2C03334700B1B3FF /* FirebaseStorageCombine-Community */; };
		2241775D2C03334700B1B3FF /* FirebaseVertexAI-Preview in Frameworks */ = {isa = PBXBuildFile; productRef = 2241775C2C03334700B1B3FF /* FirebaseVertexAI-Preview */; };
		2241776A2C0339B100B1B3FF /* ProfileView.swift in Sources */ = {isa = PBXBuildFile; fileRef = 224177692C0339B100B1B3FF /* ProfileView.swift */; };
		2241776C2C0339C600B1B3FF /* ToDoListView.swift in Sources */ = {isa = PBXBuildFile; fileRef = 2241776B2C0339C600B1B3FF /* ToDoListView.swift */; };
		2241776E2C0339D200B1B3FF /* NewItemView.swift in Sources */ = {isa = PBXBuildFile; fileRef = 2241776D2C0339D200B1B3FF /* NewItemView.swift */; };
		224177702C0339DF00B1B3FF /* LoginView.swift in Sources */ = {isa = PBXBuildFile; fileRef = 2241776F2C0339DF00B1B3FF /* LoginView.swift */; };
		224177722C0339E800B1B3FF /* RegisterView.swift in Sources */ = {isa = PBXBuildFile; fileRef = 224177712C0339E800B1B3FF /* RegisterView.swift */; };
		224177742C033A1500B1B3FF /* User.swift in Sources */ = {isa = PBXBuildFile; fileRef = 224177732C033A1500B1B3FF /* User.swift */; };
		224177762C033A2200B1B3FF /* ToDoListItem.swift in Sources */ = {isa = PBXBuildFile; fileRef = 224177752C033A2200B1B3FF /* ToDoListItem.swift */; };
		224177782C033A4700B1B3FF /* MainViewViewModel.swift in Sources */ = {isa = PBXBuildFile; fileRef = 224177772C033A4700B1B3FF /* MainViewViewModel.swift */; };
		2241777A2C033AB700B1B3FF /* ProfileViewViewModel.swift in Sources */ = {isa = PBXBuildFile; fileRef = 224177792C033AB700B1B3FF /* ProfileViewViewModel.swift */; };
		2241777C2C033AC400B1B3FF /* NewItemViewViewModel.swift in Sources */ = {isa = PBXBuildFile; fileRef = 2241777B2C033AC400B1B3FF /* NewItemViewViewModel.swift */; };
		2241777E2C033AD300B1B3FF /* LoginViewViewModel.swift in Sources */ = {isa = PBXBuildFile; fileRef = 2241777D2C033AD300B1B3FF /* LoginViewViewModel.swift */; };
		224177802C033AE800B1B3FF /* RegisterViewViewModel.swift in Sources */ = {isa = PBXBuildFile; fileRef = 2241777F2C033AE800B1B3FF /* RegisterViewViewModel.swift */; };
		224177822C033AFD00B1B3FF /* ToDoListViewViewModel.swift in Sources */ = {isa = PBXBuildFile; fileRef = 224177812C033AFD00B1B3FF /* ToDoListViewViewModel.swift */; };
		224177842C033B0B00B1B3FF /* ToDoListItemViewViewModel.swift in Sources */ = {isa = PBXBuildFile; fileRef = 224177832C033B0B00B1B3FF /* ToDoListItemViewViewModel.swift */; };
		224177862C033B4000B1B3FF /* ToDoListItemView.swift in Sources */ = {isa = PBXBuildFile; fileRef = 224177852C033B4000B1B3FF /* ToDoListItemView.swift */; };
		224177882C033DE200B1B3FF /* GoogleService-Info.plist in Resources */ = {isa = PBXBuildFile; fileRef = 224177872C033DE200B1B3FF /* GoogleService-Info.plist */; };
		2241778A2C0341A300B1B3FF /* HeaderView.swift in Sources */ = {isa = PBXBuildFile; fileRef = 224177892C0341A300B1B3FF /* HeaderView.swift */; };
		2241778C2C0346FF00B1B3FF /* BigButtonView.swift in Sources */ = {isa = PBXBuildFile; fileRef = 2241778B2C0346FF00B1B3FF /* BigButtonView.swift */; };
/* End PBXBuildFile section */

/* Begin PBXContainerItemProxy section */
		224177092C0331E400B1B3FF /* PBXContainerItemProxy */ = {
			isa = PBXContainerItemProxy;
			containerPortal = 224176F02C0331E300B1B3FF /* Project object */;
			proxyType = 1;
			remoteGlobalIDString = 224176F72C0331E300B1B3FF;
			remoteInfo = alphatodoapp;
		};
		224177132C0331E400B1B3FF /* PBXContainerItemProxy */ = {
			isa = PBXContainerItemProxy;
			containerPortal = 224176F02C0331E300B1B3FF /* Project object */;
			proxyType = 1;
			remoteGlobalIDString = 224176F72C0331E300B1B3FF;
			remoteInfo = alphatodoapp;
		};
/* End PBXContainerItemProxy section */

/* Begin PBXFileReference section */
		224176F82C0331E300B1B3FF /* alphatodoapp.app */ = {isa = PBXFileReference; explicitFileType = wrapper.application; includeInIndex = 0; path = alphatodoapp.app; sourceTree = BUILT_PRODUCTS_DIR; };
		224176FB2C0331E300B1B3FF /* alphatodoappApp.swift */ = {isa = PBXFileReference; lastKnownFileType = sourcecode.swift; path = alphatodoappApp.swift; sourceTree = "<group>"; };
		224176FD2C0331E300B1B3FF /* MainView.swift */ = {isa = PBXFileReference; lastKnownFileType = sourcecode.swift; path = MainView.swift; sourceTree = "<group>"; };
		224176FF2C0331E400B1B3FF /* Assets.xcassets */ = {isa = PBXFileReference; lastKnownFileType = folder.assetcatalog; path = Assets.xcassets; sourceTree = "<group>"; };
		224177022C0331E400B1B3FF /* Preview Assets.xcassets */ = {isa = PBXFileReference; lastKnownFileType = folder.assetcatalog; path = "Preview Assets.xcassets"; sourceTree = "<group>"; };
		224177082C0331E400B1B3FF /* alphatodoappTests.xctest */ = {isa = PBXFileReference; explicitFileType = wrapper.cfbundle; includeInIndex = 0; path = alphatodoappTests.xctest; sourceTree = BUILT_PRODUCTS_DIR; };
		2241770C2C0331E400B1B3FF /* alphatodoappTests.swift */ = {isa = PBXFileReference; lastKnownFileType = sourcecode.swift; path = alphatodoappTests.swift; sourceTree = "<group>"; };
		224177122C0331E400B1B3FF /* alphatodoappUITests.xctest */ = {isa = PBXFileReference; explicitFileType = wrapper.cfbundle; includeInIndex = 0; path = alphatodoappUITests.xctest; sourceTree = BUILT_PRODUCTS_DIR; };
		224177162C0331E400B1B3FF /* alphatodoappUITests.swift */ = {isa = PBXFileReference; lastKnownFileType = sourcecode.swift; path = alphatodoappUITests.swift; sourceTree = "<group>"; };
		224177182C0331E400B1B3FF /* alphatodoappUITestsLaunchTests.swift */ = {isa = PBXFileReference; lastKnownFileType = sourcecode.swift; path = alphatodoappUITestsLaunchTests.swift; sourceTree = "<group>"; };
		224177692C0339B100B1B3FF /* ProfileView.swift */ = {isa = PBXFileReference; lastKnownFileType = sourcecode.swift; path = ProfileView.swift; sourceTree = "<group>"; };
		2241776B2C0339C600B1B3FF /* ToDoListView.swift */ = {isa = PBXFileReference; lastKnownFileType = sourcecode.swift; path = ToDoListView.swift; sourceTree = "<group>"; };
		2241776D2C0339D200B1B3FF /* NewItemView.swift */ = {isa = PBXFileReference; lastKnownFileType = sourcecode.swift; path = NewItemView.swift; sourceTree = "<group>"; };
		2241776F2C0339DF00B1B3FF /* LoginView.swift */ = {isa = PBXFileReference; lastKnownFileType = sourcecode.swift; path = LoginView.swift; sourceTree = "<group>"; };
		224177712C0339E800B1B3FF /* RegisterView.swift */ = {isa = PBXFileReference; lastKnownFileType = sourcecode.swift; path = RegisterView.swift; sourceTree = "<group>"; };
		224177732C033A1500B1B3FF /* User.swift */ = {isa = PBXFileReference; lastKnownFileType = sourcecode.swift; path = User.swift; sourceTree = "<group>"; };
		224177752C033A2200B1B3FF /* ToDoListItem.swift */ = {isa = PBXFileReference; lastKnownFileType = sourcecode.swift; path = ToDoListItem.swift; sourceTree = "<group>"; };
		224177772C033A4700B1B3FF /* MainViewViewModel.swift */ = {isa = PBXFileReference; lastKnownFileType = sourcecode.swift; path = MainViewViewModel.swift; sourceTree = "<group>"; };
		224177792C033AB700B1B3FF /* ProfileViewViewModel.swift */ = {isa = PBXFileReference; lastKnownFileType = sourcecode.swift; path = ProfileViewViewModel.swift; sourceTree = "<group>"; };
		2241777B2C033AC400B1B3FF /* NewItemViewViewModel.swift */ = {isa = PBXFileReference; lastKnownFileType = sourcecode.swift; path = NewItemViewViewModel.swift; sourceTree = "<group>"; };
		2241777D2C033AD300B1B3FF /* LoginViewViewModel.swift */ = {isa = PBXFileReference; lastKnownFileType = sourcecode.swift; path = LoginViewViewModel.swift; sourceTree = "<group>"; };
		2241777F2C033AE800B1B3FF /* RegisterViewViewModel.swift */ = {isa = PBXFileReference; lastKnownFileType = sourcecode.swift; path = RegisterViewViewModel.swift; sourceTree = "<group>"; };
		224177812C033AFD00B1B3FF /* ToDoListViewViewModel.swift */ = {isa = PBXFileReference; lastKnownFileType = sourcecode.swift; path = ToDoListViewViewModel.swift; sourceTree = "<group>"; };
		224177832C033B0B00B1B3FF /* ToDoListItemViewViewModel.swift */ = {isa = PBXFileReference; lastKnownFileType = sourcecode.swift; path = ToDoListItemViewViewModel.swift; sourceTree = "<group>"; };
		224177852C033B4000B1B3FF /* ToDoListItemView.swift */ = {isa = PBXFileReference; lastKnownFileType = sourcecode.swift; path = ToDoListItemView.swift; sourceTree = "<group>"; };
		224177872C033DE200B1B3FF /* GoogleService-Info.plist */ = {isa = PBXFileReference; fileEncoding = 4; lastKnownFileType = text.plist.xml; path = "GoogleService-Info.plist"; sourceTree = "<group>"; };
		224177892C0341A300B1B3FF /* HeaderView.swift */ = {isa = PBXFileReference; lastKnownFileType = sourcecode.swift; path = HeaderView.swift; sourceTree = "<group>"; };
		2241778B2C0346FF00B1B3FF /* BigButtonView.swift */ = {isa = PBXFileReference; lastKnownFileType = sourcecode.swift; path = BigButtonView.swift; sourceTree = "<group>"; };
/* End PBXFileReference section */

/* Begin PBXFrameworksBuildPhase section */
		224176F52C0331E300B1B3FF /* Frameworks */ = {
			isa = PBXFrameworksBuildPhase;
			buildActionMask = 2147483647;
			files = (
				224177392C03334700B1B3FF /* FirebaseDatabase in Frameworks */,
				224177472C03334700B1B3FF /* FirebaseFunctionsCombine-Community in Frameworks */,
				2241773F2C03334700B1B3FF /* FirebaseFirestore in Frameworks */,
				2241772B2C03334700B1B3FF /* FirebaseAnalyticsSwift in Frameworks */,
				224177272C03334700B1B3FF /* FirebaseAnalytics in Frameworks */,
				224177292C03334700B1B3FF /* FirebaseAnalyticsOnDeviceConversion in Frameworks */,
				2241774F2C03334700B1B3FF /* FirebaseMLModelDownloader in Frameworks */,
				224177432C03334700B1B3FF /* FirebaseFirestoreSwift in Frameworks */,
				2241772F2C03334700B1B3FF /* FirebaseAppCheck in Frameworks */,
				2241772D2C03334700B1B3FF /* FirebaseAnalyticsWithoutAdIdSupport in Frameworks */,
				224177332C03334700B1B3FF /* FirebaseAuth in Frameworks */,
				224177372C03334700B1B3FF /* FirebaseCrashlytics in Frameworks */,
				224177572C03334700B1B3FF /* FirebaseRemoteConfigSwift in Frameworks */,
				224177492C03334700B1B3FF /* FirebaseInAppMessaging-Beta in Frameworks */,
				2241773B2C03334700B1B3FF /* FirebaseDatabaseSwift in Frameworks */,
				224177452C03334700B1B3FF /* FirebaseFunctions in Frameworks */,
				2241775B2C03334700B1B3FF /* FirebaseStorageCombine-Community in Frameworks */,
				224177552C03334700B1B3FF /* FirebaseRemoteConfig in Frameworks */,
				224177312C03334700B1B3FF /* FirebaseAppDistribution-Beta in Frameworks */,
				224177352C03334700B1B3FF /* FirebaseAuthCombine-Community in Frameworks */,
				224177532C03334700B1B3FF /* FirebasePerformance in Frameworks */,
				2241774B2C03334700B1B3FF /* FirebaseInAppMessagingSwift-Beta in Frameworks */,
				224177592C03334700B1B3FF /* FirebaseStorage in Frameworks */,
				2241773D2C03334700B1B3FF /* FirebaseDynamicLinks in Frameworks */,
				2241775D2C03334700B1B3FF /* FirebaseVertexAI-Preview in Frameworks */,
				224177412C03334700B1B3FF /* FirebaseFirestoreCombine-Community in Frameworks */,
				224177512C03334700B1B3FF /* FirebaseMessaging in Frameworks */,
				2241774D2C03334700B1B3FF /* FirebaseInstallations in Frameworks */,
			);
			runOnlyForDeploymentPostprocessing = 0;
		};
		224177052C0331E400B1B3FF /* Frameworks */ = {
			isa = PBXFrameworksBuildPhase;
			buildActionMask = 2147483647;
			files = (
			);
			runOnlyForDeploymentPostprocessing = 0;
		};
		2241770F2C0331E400B1B3FF /* Frameworks */ = {
			isa = PBXFrameworksBuildPhase;
			buildActionMask = 2147483647;
			files = (
			);
			runOnlyForDeploymentPostprocessing = 0;
		};
/* End PBXFrameworksBuildPhase section */

/* Begin PBXGroup section */
		224176EF2C0331E300B1B3FF = {
			isa = PBXGroup;
			children = (
				224176FA2C0331E300B1B3FF /* alphatodoapp */,
				2241770B2C0331E400B1B3FF /* alphatodoappTests */,
				224177152C0331E400B1B3FF /* alphatodoappUITests */,
				224176F92C0331E300B1B3FF /* Products */,
			);
			sourceTree = "<group>";
		};
		224176F92C0331E300B1B3FF /* Products */ = {
			isa = PBXGroup;
			children = (
				224176F82C0331E300B1B3FF /* alphatodoapp.app */,
				224177082C0331E400B1B3FF /* alphatodoappTests.xctest */,
				224177122C0331E400B1B3FF /* alphatodoappUITests.xctest */,
			);
			name = Products;
			sourceTree = "<group>";
		};
		224176FA2C0331E300B1B3FF /* alphatodoapp */ = {
			isa = PBXGroup;
			children = (
				224177662C03387900B1B3FF /* Others */,
				224177652C03386D00B1B3FF /* ViewModels */,
				224177642C03386900B1B3FF /* Views */,
				224177632C03384C00B1B3FF /* Models */,
				224177012C0331E400B1B3FF /* Preview Content */,
			);
			path = alphatodoapp;
			sourceTree = "<group>";
		};
		224177012C0331E400B1B3FF /* Preview Content */ = {
			isa = PBXGroup;
			children = (
				224177022C0331E400B1B3FF /* Preview Assets.xcassets */,
			);
			path = "Preview Content";
			sourceTree = "<group>";
		};
		2241770B2C0331E400B1B3FF /* alphatodoappTests */ = {
			isa = PBXGroup;
			children = (
				2241770C2C0331E400B1B3FF /* alphatodoappTests.swift */,
			);
			path = alphatodoappTests;
			sourceTree = "<group>";
		};
		224177152C0331E400B1B3FF /* alphatodoappUITests */ = {
			isa = PBXGroup;
			children = (
				224177162C0331E400B1B3FF /* alphatodoappUITests.swift */,
				224177182C0331E400B1B3FF /* alphatodoappUITestsLaunchTests.swift */,
			);
			path = alphatodoappUITests;
			sourceTree = "<group>";
		};
		224177632C03384C00B1B3FF /* Models */ = {
			isa = PBXGroup;
			children = (
				224177732C033A1500B1B3FF /* User.swift */,
				224177752C033A2200B1B3FF /* ToDoListItem.swift */,
			);
			path = Models;
			sourceTree = "<group>";
		};
		224177642C03386900B1B3FF /* Views */ = {
			isa = PBXGroup;
			children = (
				224176FD2C0331E300B1B3FF /* MainView.swift */,
				224177692C0339B100B1B3FF /* ProfileView.swift */,
				2241776B2C0339C600B1B3FF /* ToDoListView.swift */,
				2241776D2C0339D200B1B3FF /* NewItemView.swift */,
				2241776F2C0339DF00B1B3FF /* LoginView.swift */,
				224177712C0339E800B1B3FF /* RegisterView.swift */,
				224177852C033B4000B1B3FF /* ToDoListItemView.swift */,
				224177892C0341A300B1B3FF /* HeaderView.swift */,
				2241778B2C0346FF00B1B3FF /* BigButtonView.swift */,
			);
			path = Views;
			sourceTree = "<group>";
		};
		224177652C03386D00B1B3FF /* ViewModels */ = {
			isa = PBXGroup;
			children = (
				224177772C033A4700B1B3FF /* MainViewViewModel.swift */,
				224177792C033AB700B1B3FF /* ProfileViewViewModel.swift */,
				2241777B2C033AC400B1B3FF /* NewItemViewViewModel.swift */,
				2241777D2C033AD300B1B3FF /* LoginViewViewModel.swift */,
				2241777F2C033AE800B1B3FF /* RegisterViewViewModel.swift */,
				224177812C033AFD00B1B3FF /* ToDoListViewViewModel.swift */,
				224177832C033B0B00B1B3FF /* ToDoListItemViewViewModel.swift */,
			);
			path = ViewModels;
			sourceTree = "<group>";
		};
		224177662C03387900B1B3FF /* Others */ = {
			isa = PBXGroup;
			children = (
				224176FB2C0331E300B1B3FF /* alphatodoappApp.swift */,
				224177872C033DE200B1B3FF /* GoogleService-Info.plist */,
				224176FF2C0331E400B1B3FF /* Assets.xcassets */,
			);
			path = Others;
			sourceTree = "<group>";
		};
/* End PBXGroup section */

/* Begin PBXNativeTarget section */
		224176F72C0331E300B1B3FF /* alphatodoapp */ = {
			isa = PBXNativeTarget;
			buildConfigurationList = 2241771C2C0331E400B1B3FF /* Build configuration list for PBXNativeTarget "alphatodoapp" */;
			buildPhases = (
				224176F42C0331E300B1B3FF /* Sources */,
				224176F52C0331E300B1B3FF /* Frameworks */,
				224176F62C0331E300B1B3FF /* Resources */,
			);
			buildRules = (
			);
			dependencies = (
			);
			name = alphatodoapp;
			packageProductDependencies = (
				224177262C03334700B1B3FF /* FirebaseAnalytics */,
				224177282C03334700B1B3FF /* FirebaseAnalyticsOnDeviceConversion */,
				2241772A2C03334700B1B3FF /* FirebaseAnalyticsSwift */,
				2241772C2C03334700B1B3FF /* FirebaseAnalyticsWithoutAdIdSupport */,
				2241772E2C03334700B1B3FF /* FirebaseAppCheck */,
				224177302C03334700B1B3FF /* FirebaseAppDistribution-Beta */,
				224177322C03334700B1B3FF /* FirebaseAuth */,
				224177342C03334700B1B3FF /* FirebaseAuthCombine-Community */,
				224177362C03334700B1B3FF /* FirebaseCrashlytics */,
				224177382C03334700B1B3FF /* FirebaseDatabase */,
				2241773A2C03334700B1B3FF /* FirebaseDatabaseSwift */,
				2241773C2C03334700B1B3FF /* FirebaseDynamicLinks */,
				2241773E2C03334700B1B3FF /* FirebaseFirestore */,
				224177402C03334700B1B3FF /* FirebaseFirestoreCombine-Community */,
				224177422C03334700B1B3FF /* FirebaseFirestoreSwift */,
				224177442C03334700B1B3FF /* FirebaseFunctions */,
				224177462C03334700B1B3FF /* FirebaseFunctionsCombine-Community */,
				224177482C03334700B1B3FF /* FirebaseInAppMessaging-Beta */,
				2241774A2C03334700B1B3FF /* FirebaseInAppMessagingSwift-Beta */,
				2241774C2C03334700B1B3FF /* FirebaseInstallations */,
				2241774E2C03334700B1B3FF /* FirebaseMLModelDownloader */,
				224177502C03334700B1B3FF /* FirebaseMessaging */,
				224177522C03334700B1B3FF /* FirebasePerformance */,
				224177542C03334700B1B3FF /* FirebaseRemoteConfig */,
				224177562C03334700B1B3FF /* FirebaseRemoteConfigSwift */,
				224177582C03334700B1B3FF /* FirebaseStorage */,
				2241775A2C03334700B1B3FF /* FirebaseStorageCombine-Community */,
				2241775C2C03334700B1B3FF /* FirebaseVertexAI-Preview */,
			);
			productName = alphatodoapp;
			productReference = 224176F82C0331E300B1B3FF /* alphatodoapp.app */;
			productType = "com.apple.product-type.application";
		};
		224177072C0331E400B1B3FF /* alphatodoappTests */ = {
			isa = PBXNativeTarget;
			buildConfigurationList = 2241771F2C0331E400B1B3FF /* Build configuration list for PBXNativeTarget "alphatodoappTests" */;
			buildPhases = (
				224177042C0331E400B1B3FF /* Sources */,
				224177052C0331E400B1B3FF /* Frameworks */,
				224177062C0331E400B1B3FF /* Resources */,
			);
			buildRules = (
			);
			dependencies = (
				2241770A2C0331E400B1B3FF /* PBXTargetDependency */,
			);
			name = alphatodoappTests;
			productName = alphatodoappTests;
			productReference = 224177082C0331E400B1B3FF /* alphatodoappTests.xctest */;
			productType = "com.apple.product-type.bundle.unit-test";
		};
		224177112C0331E400B1B3FF /* alphatodoappUITests */ = {
			isa = PBXNativeTarget;
			buildConfigurationList = 224177222C0331E400B1B3FF /* Build configuration list for PBXNativeTarget "alphatodoappUITests" */;
			buildPhases = (
				2241770E2C0331E400B1B3FF /* Sources */,
				2241770F2C0331E400B1B3FF /* Frameworks */,
				224177102C0331E400B1B3FF /* Resources */,
			);
			buildRules = (
			);
			dependencies = (
				224177142C0331E400B1B3FF /* PBXTargetDependency */,
			);
			name = alphatodoappUITests;
			productName = alphatodoappUITests;
			productReference = 224177122C0331E400B1B3FF /* alphatodoappUITests.xctest */;
			productType = "com.apple.product-type.bundle.ui-testing";
		};
/* End PBXNativeTarget section */

/* Begin PBXProject section */
		224176F02C0331E300B1B3FF /* Project object */ = {
			isa = PBXProject;
			attributes = {
				BuildIndependentTargetsInParallel = 1;
				LastSwiftUpdateCheck = 1530;
				LastUpgradeCheck = 1530;
				TargetAttributes = {
					224176F72C0331E300B1B3FF = {
						CreatedOnToolsVersion = 15.3;
					};
					224177072C0331E400B1B3FF = {
						CreatedOnToolsVersion = 15.3;
						TestTargetID = 224176F72C0331E300B1B3FF;
					};
					224177112C0331E400B1B3FF = {
						CreatedOnToolsVersion = 15.3;
						TestTargetID = 224176F72C0331E300B1B3FF;
					};
				};
			};
			buildConfigurationList = 224176F32C0331E300B1B3FF /* Build configuration list for PBXProject "alphatodoapp" */;
			compatibilityVersion = "Xcode 14.0";
			developmentRegion = en;
			hasScannedForEncodings = 0;
			knownRegions = (
				en,
				Base,
			);
			mainGroup = 224176EF2C0331E300B1B3FF;
			packageReferences = (
				224177252C03334700B1B3FF /* XCRemoteSwiftPackageReference "firebase-ios-sdk" */,
			);
			productRefGroup = 224176F92C0331E300B1B3FF /* Products */;
			projectDirPath = "";
			projectRoot = "";
			targets = (
				224176F72C0331E300B1B3FF /* alphatodoapp */,
				224177072C0331E400B1B3FF /* alphatodoappTests */,
				224177112C0331E400B1B3FF /* alphatodoappUITests */,
			);
		};
/* End PBXProject section */

/* Begin PBXResourcesBuildPhase section */
		224176F62C0331E300B1B3FF /* Resources */ = {
			isa = PBXResourcesBuildPhase;
			buildActionMask = 2147483647;
			files = (
				224177032C0331E400B1B3FF /* Preview Assets.xcassets in Resources */,
				224177002C0331E400B1B3FF /* Assets.xcassets in Resources */,
				224177882C033DE200B1B3FF /* GoogleService-Info.plist in Resources */,
			);
			runOnlyForDeploymentPostprocessing = 0;
		};
		224177062C0331E400B1B3FF /* Resources */ = {
			isa = PBXResourcesBuildPhase;
			buildActionMask = 2147483647;
			files = (
			);
			runOnlyForDeploymentPostprocessing = 0;
		};
		224177102C0331E400B1B3FF /* Resources */ = {
			isa = PBXResourcesBuildPhase;
			buildActionMask = 2147483647;
			files = (
			);
			runOnlyForDeploymentPostprocessing = 0;
		};
/* End PBXResourcesBuildPhase section */

/* Begin PBXSourcesBuildPhase section */
		224176F42C0331E300B1B3FF /* Sources */ = {
			isa = PBXSourcesBuildPhase;
			buildActionMask = 2147483647;
			files = (
				224177702C0339DF00B1B3FF /* LoginView.swift in Sources */,
				2241778A2C0341A300B1B3FF /* HeaderView.swift in Sources */,
				224176FE2C0331E300B1B3FF /* MainView.swift in Sources */,
				2241778C2C0346FF00B1B3FF /* BigButtonView.swift in Sources */,
				224177862C033B4000B1B3FF /* ToDoListItemView.swift in Sources */,
				224177842C033B0B00B1B3FF /* ToDoListItemViewViewModel.swift in Sources */,
				2241776A2C0339B100B1B3FF /* ProfileView.swift in Sources */,
				224177722C0339E800B1B3FF /* RegisterView.swift in Sources */,
				224177822C033AFD00B1B3FF /* ToDoListViewViewModel.swift in Sources */,
				224177742C033A1500B1B3FF /* User.swift in Sources */,
				2241776C2C0339C600B1B3FF /* ToDoListView.swift in Sources */,
				224177802C033AE800B1B3FF /* RegisterViewViewModel.swift in Sources */,
				2241777E2C033AD300B1B3FF /* LoginViewViewModel.swift in Sources */,
				224176FC2C0331E300B1B3FF /* alphatodoappApp.swift in Sources */,
				2241777A2C033AB700B1B3FF /* ProfileViewViewModel.swift in Sources */,
				2241776E2C0339D200B1B3FF /* NewItemView.swift in Sources */,
				2241777C2C033AC400B1B3FF /* NewItemViewViewModel.swift in Sources */,
				224177782C033A4700B1B3FF /* MainViewViewModel.swift in Sources */,
				224177762C033A2200B1B3FF /* ToDoListItem.swift in Sources */,
			);
			runOnlyForDeploymentPostprocessing = 0;
		};
		224177042C0331E400B1B3FF /* Sources */ = {
			isa = PBXSourcesBuildPhase;
			buildActionMask = 2147483647;
			files = (
				2241770D2C0331E400B1B3FF /* alphatodoappTests.swift in Sources */,
			);
			runOnlyForDeploymentPostprocessing = 0;
		};
		2241770E2C0331E400B1B3FF /* Sources */ = {
			isa = PBXSourcesBuildPhase;
			buildActionMask = 2147483647;
			files = (
				224177172C0331E400B1B3FF /* alphatodoappUITests.swift in Sources */,
				224177192C0331E400B1B3FF /* alphatodoappUITestsLaunchTests.swift in Sources */,
			);
			runOnlyForDeploymentPostprocessing = 0;
		};
/* End PBXSourcesBuildPhase section */

/* Begin PBXTargetDependency section */
		2241770A2C0331E400B1B3FF /* PBXTargetDependency */ = {
			isa = PBXTargetDependency;
			target = 224176F72C0331E300B1B3FF /* alphatodoapp */;
			targetProxy = 224177092C0331E400B1B3FF /* PBXContainerItemProxy */;
		};
		224177142C0331E400B1B3FF /* PBXTargetDependency */ = {
			isa = PBXTargetDependency;
			target = 224176F72C0331E300B1B3FF /* alphatodoapp */;
			targetProxy = 224177132C0331E400B1B3FF /* PBXContainerItemProxy */;
		};
/* End PBXTargetDependency section */

/* Begin XCBuildConfiguration section */
		2241771A2C0331E400B1B3FF /* Debug */ = {
			isa = XCBuildConfiguration;
			buildSettings = {
				ALWAYS_SEARCH_USER_PATHS = NO;
				ASSETCATALOG_COMPILER_GENERATE_SWIFT_ASSET_SYMBOL_EXTENSIONS = YES;
				CLANG_ANALYZER_NONNULL = YES;
				CLANG_ANALYZER_NUMBER_OBJECT_CONVERSION = YES_AGGRESSIVE;
				CLANG_CXX_LANGUAGE_STANDARD = "gnu++20";
				CLANG_ENABLE_MODULES = YES;
				CLANG_ENABLE_OBJC_ARC = YES;
				CLANG_ENABLE_OBJC_WEAK = YES;
				CLANG_WARN_BLOCK_CAPTURE_AUTORELEASING = YES;
				CLANG_WARN_BOOL_CONVERSION = YES;
				CLANG_WARN_COMMA = YES;
				CLANG_WARN_CONSTANT_CONVERSION = YES;
				CLANG_WARN_DEPRECATED_OBJC_IMPLEMENTATIONS = YES;
				CLANG_WARN_DIRECT_OBJC_ISA_USAGE = YES_ERROR;
				CLANG_WARN_DOCUMENTATION_COMMENTS = YES;
				CLANG_WARN_EMPTY_BODY = YES;
				CLANG_WARN_ENUM_CONVERSION = YES;
				CLANG_WARN_INFINITE_RECURSION = YES;
				CLANG_WARN_INT_CONVERSION = YES;
				CLANG_WARN_NON_LITERAL_NULL_CONVERSION = YES;
				CLANG_WARN_OBJC_IMPLICIT_RETAIN_SELF = YES;
				CLANG_WARN_OBJC_LITERAL_CONVERSION = YES;
				CLANG_WARN_OBJC_ROOT_CLASS = YES_ERROR;
				CLANG_WARN_QUOTED_INCLUDE_IN_FRAMEWORK_HEADER = YES;
				CLANG_WARN_RANGE_LOOP_ANALYSIS = YES;
				CLANG_WARN_STRICT_PROTOTYPES = YES;
				CLANG_WARN_SUSPICIOUS_MOVE = YES;
				CLANG_WARN_UNGUARDED_AVAILABILITY = YES_AGGRESSIVE;
				CLANG_WARN_UNREACHABLE_CODE = YES;
				CLANG_WARN__DUPLICATE_METHOD_MATCH = YES;
				COPY_PHASE_STRIP = NO;
				DEBUG_INFORMATION_FORMAT = dwarf;
				ENABLE_STRICT_OBJC_MSGSEND = YES;
				ENABLE_TESTABILITY = YES;
				ENABLE_USER_SCRIPT_SANDBOXING = YES;
				GCC_C_LANGUAGE_STANDARD = gnu17;
				GCC_DYNAMIC_NO_PIC = NO;
				GCC_NO_COMMON_BLOCKS = YES;
				GCC_OPTIMIZATION_LEVEL = 0;
				GCC_PREPROCESSOR_DEFINITIONS = (
					"DEBUG=1",
					"$(inherited)",
				);
				GCC_WARN_64_TO_32_BIT_CONVERSION = YES;
				GCC_WARN_ABOUT_RETURN_TYPE = YES_ERROR;
				GCC_WARN_UNDECLARED_SELECTOR = YES;
				GCC_WARN_UNINITIALIZED_AUTOS = YES_AGGRESSIVE;
				GCC_WARN_UNUSED_FUNCTION = YES;
				GCC_WARN_UNUSED_VARIABLE = YES;
				IPHONEOS_DEPLOYMENT_TARGET = 17.4;
				LOCALIZATION_PREFERS_STRING_CATALOGS = YES;
				MTL_ENABLE_DEBUG_INFO = INCLUDE_SOURCE;
				MTL_FAST_MATH = YES;
				ONLY_ACTIVE_ARCH = YES;
				SDKROOT = iphoneos;
				SWIFT_ACTIVE_COMPILATION_CONDITIONS = "DEBUG $(inherited)";
				SWIFT_OPTIMIZATION_LEVEL = "-Onone";
			};
			name = Debug;
		};
		2241771B2C0331E400B1B3FF /* Release */ = {
			isa = XCBuildConfiguration;
			buildSettings = {
				ALWAYS_SEARCH_USER_PATHS = NO;
				ASSETCATALOG_COMPILER_GENERATE_SWIFT_ASSET_SYMBOL_EXTENSIONS = YES;
				CLANG_ANALYZER_NONNULL = YES;
				CLANG_ANALYZER_NUMBER_OBJECT_CONVERSION = YES_AGGRESSIVE;
				CLANG_CXX_LANGUAGE_STANDARD = "gnu++20";
				CLANG_ENABLE_MODULES = YES;
				CLANG_ENABLE_OBJC_ARC = YES;
				CLANG_ENABLE_OBJC_WEAK = YES;
				CLANG_WARN_BLOCK_CAPTURE_AUTORELEASING = YES;
				CLANG_WARN_BOOL_CONVERSION = YES;
				CLANG_WARN_COMMA = YES;
				CLANG_WARN_CONSTANT_CONVERSION = YES;
				CLANG_WARN_DEPRECATED_OBJC_IMPLEMENTATIONS = YES;
				CLANG_WARN_DIRECT_OBJC_ISA_USAGE = YES_ERROR;
				CLANG_WARN_DOCUMENTATION_COMMENTS = YES;
				CLANG_WARN_EMPTY_BODY = YES;
				CLANG_WARN_ENUM_CONVERSION = YES;
				CLANG_WARN_INFINITE_RECURSION = YES;
				CLANG_WARN_INT_CONVERSION = YES;
				CLANG_WARN_NON_LITERAL_NULL_CONVERSION = YES;
				CLANG_WARN_OBJC_IMPLICIT_RETAIN_SELF = YES;
				CLANG_WARN_OBJC_LITERAL_CONVERSION = YES;
				CLANG_WARN_OBJC_ROOT_CLASS = YES_ERROR;
				CLANG_WARN_QUOTED_INCLUDE_IN_FRAMEWORK_HEADER = YES;
				CLANG_WARN_RANGE_LOOP_ANALYSIS = YES;
				CLANG_WARN_STRICT_PROTOTYPES = YES;
				CLANG_WARN_SUSPICIOUS_MOVE = YES;
				CLANG_WARN_UNGUARDED_AVAILABILITY = YES_AGGRESSIVE;
				CLANG_WARN_UNREACHABLE_CODE = YES;
				CLANG_WARN__DUPLICATE_METHOD_MATCH = YES;
				COPY_PHASE_STRIP = NO;
				DEBUG_INFORMATION_FORMAT = "dwarf-with-dsym";
				ENABLE_NS_ASSERTIONS = NO;
				ENABLE_STRICT_OBJC_MSGSEND = YES;
				ENABLE_USER_SCRIPT_SANDBOXING = YES;
				GCC_C_LANGUAGE_STANDARD = gnu17;
				GCC_NO_COMMON_BLOCKS = YES;
				GCC_WARN_64_TO_32_BIT_CONVERSION = YES;
				GCC_WARN_ABOUT_RETURN_TYPE = YES_ERROR;
				GCC_WARN_UNDECLARED_SELECTOR = YES;
				GCC_WARN_UNINITIALIZED_AUTOS = YES_AGGRESSIVE;
				GCC_WARN_UNUSED_FUNCTION = YES;
				GCC_WARN_UNUSED_VARIABLE = YES;
				IPHONEOS_DEPLOYMENT_TARGET = 17.4;
				LOCALIZATION_PREFERS_STRING_CATALOGS = YES;
				MTL_ENABLE_DEBUG_INFO = NO;
				MTL_FAST_MATH = YES;
				SDKROOT = iphoneos;
				SWIFT_COMPILATION_MODE = wholemodule;
				VALIDATE_PRODUCT = YES;
			};
			name = Release;
		};
		2241771D2C0331E400B1B3FF /* Debug */ = {
			isa = XCBuildConfiguration;
			buildSettings = {
				ASSETCATALOG_COMPILER_APPICON_NAME = AppIcon;
				ASSETCATALOG_COMPILER_GLOBAL_ACCENT_COLOR_NAME = AccentColor;
				CODE_SIGN_STYLE = Automatic;
				CURRENT_PROJECT_VERSION = 1;
				DEVELOPMENT_ASSET_PATHS = "\"alphatodoapp/Preview Content\"";
				ENABLE_PREVIEWS = YES;
				GENERATE_INFOPLIST_FILE = YES;
				INFOPLIST_KEY_CFBundleDisplayName = Alpha;
				INFOPLIST_KEY_UIApplicationSceneManifest_Generation = YES;
				INFOPLIST_KEY_UIApplicationSupportsIndirectInputEvents = YES;
				INFOPLIST_KEY_UILaunchScreen_Generation = YES;
				INFOPLIST_KEY_UISupportedInterfaceOrientations = UIInterfaceOrientationPortrait;
				LD_RUNPATH_SEARCH_PATHS = (
					"$(inherited)",
					"@executable_path/Frameworks",
				);
				MARKETING_VERSION = 1.0;
				PRODUCT_BUNDLE_IDENTIFIER = yasarunyilmaz.alphatodoapp;
				PRODUCT_NAME = "$(TARGET_NAME)";
				SWIFT_EMIT_LOC_STRINGS = YES;
				SWIFT_VERSION = 5.0;
				TARGETED_DEVICE_FAMILY = "1,2";
			};
			name = Debug;
		};
		2241771E2C0331E400B1B3FF /* Release */ = {
			isa = XCBuildConfiguration;
			buildSettings = {
				ASSETCATALOG_COMPILER_APPICON_NAME = AppIcon;
				ASSETCATALOG_COMPILER_GLOBAL_ACCENT_COLOR_NAME = AccentColor;
				CODE_SIGN_STYLE = Automatic;
				CURRENT_PROJECT_VERSION = 1;
				DEVELOPMENT_ASSET_PATHS = "\"alphatodoapp/Preview Content\"";
				ENABLE_PREVIEWS = YES;
				GENERATE_INFOPLIST_FILE = YES;
				INFOPLIST_KEY_CFBundleDisplayName = Alpha;
				INFOPLIST_KEY_UIApplicationSceneManifest_Generation = YES;
				INFOPLIST_KEY_UIApplicationSupportsIndirectInputEvents = YES;
				INFOPLIST_KEY_UILaunchScreen_Generation = YES;
				INFOPLIST_KEY_UISupportedInterfaceOrientations = UIInterfaceOrientationPortrait;
				LD_RUNPATH_SEARCH_PATHS = (
					"$(inherited)",
					"@executable_path/Frameworks",
				);
				MARKETING_VERSION = 1.0;
				PRODUCT_BUNDLE_IDENTIFIER = yasarunyilmaz.alphatodoapp;
				PRODUCT_NAME = "$(TARGET_NAME)";
				SWIFT_EMIT_LOC_STRINGS = YES;
				SWIFT_VERSION = 5.0;
				TARGETED_DEVICE_FAMILY = "1,2";
			};
			name = Release;
		};
		224177202C0331E400B1B3FF /* Debug */ = {
			isa = XCBuildConfiguration;
			buildSettings = {
				ALWAYS_EMBED_SWIFT_STANDARD_LIBRARIES = YES;
				BUNDLE_LOADER = "$(TEST_HOST)";
				CODE_SIGN_STYLE = Automatic;
				CURRENT_PROJECT_VERSION = 1;
				GENERATE_INFOPLIST_FILE = YES;
				IPHONEOS_DEPLOYMENT_TARGET = 17.4;
				MARKETING_VERSION = 1.0;
				PRODUCT_BUNDLE_IDENTIFIER = yasarunyilmaz.alphatodoappTests;
				PRODUCT_NAME = "$(TARGET_NAME)";
				SWIFT_EMIT_LOC_STRINGS = NO;
				SWIFT_VERSION = 5.0;
				TARGETED_DEVICE_FAMILY = "1,2";
				TEST_HOST = "$(BUILT_PRODUCTS_DIR)/alphatodoapp.app/$(BUNDLE_EXECUTABLE_FOLDER_PATH)/alphatodoapp";
			};
			name = Debug;
		};
		224177212C0331E400B1B3FF /* Release */ = {
			isa = XCBuildConfiguration;
			buildSettings = {
				ALWAYS_EMBED_SWIFT_STANDARD_LIBRARIES = YES;
				BUNDLE_LOADER = "$(TEST_HOST)";
				CODE_SIGN_STYLE = Automatic;
				CURRENT_PROJECT_VERSION = 1;
				GENERATE_INFOPLIST_FILE = YES;
				IPHONEOS_DEPLOYMENT_TARGET = 17.4;
				MARKETING_VERSION = 1.0;
				PRODUCT_BUNDLE_IDENTIFIER = yasarunyilmaz.alphatodoappTests;
				PRODUCT_NAME = "$(TARGET_NAME)";
				SWIFT_EMIT_LOC_STRINGS = NO;
				SWIFT_VERSION = 5.0;
				TARGETED_DEVICE_FAMILY = "1,2";
				TEST_HOST = "$(BUILT_PRODUCTS_DIR)/alphatodoapp.app/$(BUNDLE_EXECUTABLE_FOLDER_PATH)/alphatodoapp";
			};
			name = Release;
		};
		224177232C0331E400B1B3FF /* Debug */ = {
			isa = XCBuildConfiguration;
			buildSettings = {
				ALWAYS_EMBED_SWIFT_STANDARD_LIBRARIES = YES;
				CODE_SIGN_STYLE = Automatic;
				CURRENT_PROJECT_VERSION = 1;
				GENERATE_INFOPLIST_FILE = YES;
				MARKETING_VERSION = 1.0;
				PRODUCT_BUNDLE_IDENTIFIER = yasarunyilmaz.alphatodoappUITests;
				PRODUCT_NAME = "$(TARGET_NAME)";
				SWIFT_EMIT_LOC_STRINGS = NO;
				SWIFT_VERSION = 5.0;
				TARGETED_DEVICE_FAMILY = "1,2";
				TEST_TARGET_NAME = alphatodoapp;
			};
			name = Debug;
		};
		224177242C0331E400B1B3FF /* Release */ = {
			isa = XCBuildConfiguration;
			buildSettings = {
				ALWAYS_EMBED_SWIFT_STANDARD_LIBRARIES = YES;
				CODE_SIGN_STYLE = Automatic;
				CURRENT_PROJECT_VERSION = 1;
				GENERATE_INFOPLIST_FILE = YES;
				MARKETING_VERSION = 1.0;
				PRODUCT_BUNDLE_IDENTIFIER = yasarunyilmaz.alphatodoappUITests;
				PRODUCT_NAME = "$(TARGET_NAME)";
				SWIFT_EMIT_LOC_STRINGS = NO;
				SWIFT_VERSION = 5.0;
				TARGETED_DEVICE_FAMILY = "1,2";
				TEST_TARGET_NAME = alphatodoapp;
			};
			name = Release;
		};
/* End XCBuildConfiguration section */

/* Begin XCConfigurationList section */
		224176F32C0331E300B1B3FF /* Build configuration list for PBXProject "alphatodoapp" */ = {
			isa = XCConfigurationList;
			buildConfigurations = (
				2241771A2C0331E400B1B3FF /* Debug */,
				2241771B2C0331E400B1B3FF /* Release */,
			);
			defaultConfigurationIsVisible = 0;
			defaultConfigurationName = Release;
		};
		2241771C2C0331E400B1B3FF /* Build configuration list for PBXNativeTarget "alphatodoapp" */ = {
			isa = XCConfigurationList;
			buildConfigurations = (
				2241771D2C0331E400B1B3FF /* Debug */,
				2241771E2C0331E400B1B3FF /* Release */,
			);
			defaultConfigurationIsVisible = 0;
			defaultConfigurationName = Release;
		};
		2241771F2C0331E400B1B3FF /* Build configuration list for PBXNativeTarget "alphatodoappTests" */ = {
			isa = XCConfigurationList;
			buildConfigurations = (
				224177202C0331E400B1B3FF /* Debug */,
				224177212C0331E400B1B3FF /* Release */,
			);
			defaultConfigurationIsVisible = 0;
			defaultConfigurationName = Release;
		};
		224177222C0331E400B1B3FF /* Build configuration list for PBXNativeTarget "alphatodoappUITests" */ = {
			isa = XCConfigurationList;
			buildConfigurations = (
				224177232C0331E400B1B3FF /* Debug */,
				224177242C0331E400B1B3FF /* Release */,
			);
			defaultConfigurationIsVisible = 0;
			defaultConfigurationName = Release;
		};
/* End XCConfigurationList section */

/* Begin XCRemoteSwiftPackageReference section */
		224177252C03334700B1B3FF /* XCRemoteSwiftPackageReference "firebase-ios-sdk" */ = {
			isa = XCRemoteSwiftPackageReference;
			repositoryURL = "https://github.com/firebase/firebase-ios-sdk.git";
			requirement = {
				kind = upToNextMajorVersion;
				minimumVersion = 10.26.0;
			};
		};
/* End XCRemoteSwiftPackageReference section */

/* Begin XCSwiftPackageProductDependency section */
		224177262C03334700B1B3FF /* FirebaseAnalytics */ = {
			isa = XCSwiftPackageProductDependency;
			package = 224177252C03334700B1B3FF /* XCRemoteSwiftPackageReference "firebase-ios-sdk" */;
			productName = FirebaseAnalytics;
		};
		224177282C03334700B1B3FF /* FirebaseAnalyticsOnDeviceConversion */ = {
			isa = XCSwiftPackageProductDependency;
			package = 224177252C03334700B1B3FF /* XCRemoteSwiftPackageReference "firebase-ios-sdk" */;
			productName = FirebaseAnalyticsOnDeviceConversion;
		};
		2241772A2C03334700B1B3FF /* FirebaseAnalyticsSwift */ = {
			isa = XCSwiftPackageProductDependency;
			package = 224177252C03334700B1B3FF /* XCRemoteSwiftPackageReference "firebase-ios-sdk" */;
			productName = FirebaseAnalyticsSwift;
		};
		2241772C2C03334700B1B3FF /* FirebaseAnalyticsWithoutAdIdSupport */ = {
			isa = XCSwiftPackageProductDependency;
			package = 224177252C03334700B1B3FF /* XCRemoteSwiftPackageReference "firebase-ios-sdk" */;
			productName = FirebaseAnalyticsWithoutAdIdSupport;
		};
		2241772E2C03334700B1B3FF /* FirebaseAppCheck */ = {
			isa = XCSwiftPackageProductDependency;
			package = 224177252C03334700B1B3FF /* XCRemoteSwiftPackageReference "firebase-ios-sdk" */;
			productName = FirebaseAppCheck;
		};
		224177302C03334700B1B3FF /* FirebaseAppDistribution-Beta */ = {
			isa = XCSwiftPackageProductDependency;
			package = 224177252C03334700B1B3FF /* XCRemoteSwiftPackageReference "firebase-ios-sdk" */;
			productName = "FirebaseAppDistribution-Beta";
		};
		224177322C03334700B1B3FF /* FirebaseAuth */ = {
			isa = XCSwiftPackageProductDependency;
			package = 224177252C03334700B1B3FF /* XCRemoteSwiftPackageReference "firebase-ios-sdk" */;
			productName = FirebaseAuth;
		};
		224177342C03334700B1B3FF /* FirebaseAuthCombine-Community */ = {
			isa = XCSwiftPackageProductDependency;
			package = 224177252C03334700B1B3FF /* XCRemoteSwiftPackageReference "firebase-ios-sdk" */;
			productName = "FirebaseAuthCombine-Community";
		};
		224177362C03334700B1B3FF /* FirebaseCrashlytics */ = {
			isa = XCSwiftPackageProductDependency;
			package = 224177252C03334700B1B3FF /* XCRemoteSwiftPackageReference "firebase-ios-sdk" */;
			productName = FirebaseCrashlytics;
		};
		224177382C03334700B1B3FF /* FirebaseDatabase */ = {
			isa = XCSwiftPackageProductDependency;
			package = 224177252C03334700B1B3FF /* XCRemoteSwiftPackageReference "firebase-ios-sdk" */;
			productName = FirebaseDatabase;
		};
		2241773A2C03334700B1B3FF /* FirebaseDatabaseSwift */ = {
			isa = XCSwiftPackageProductDependency;
			package = 224177252C03334700B1B3FF /* XCRemoteSwiftPackageReference "firebase-ios-sdk" */;
			productName = FirebaseDatabaseSwift;
		};
		2241773C2C03334700B1B3FF /* FirebaseDynamicLinks */ = {
			isa = XCSwiftPackageProductDependency;
			package = 224177252C03334700B1B3FF /* XCRemoteSwiftPackageReference "firebase-ios-sdk" */;
			productName = FirebaseDynamicLinks;
		};
		2241773E2C03334700B1B3FF /* FirebaseFirestore */ = {
			isa = XCSwiftPackageProductDependency;
			package = 224177252C03334700B1B3FF /* XCRemoteSwiftPackageReference "firebase-ios-sdk" */;
			productName = FirebaseFirestore;
		};
		224177402C03334700B1B3FF /* FirebaseFirestoreCombine-Community */ = {
			isa = XCSwiftPackageProductDependency;
			package = 224177252C03334700B1B3FF /* XCRemoteSwiftPackageReference "firebase-ios-sdk" */;
			productName = "FirebaseFirestoreCombine-Community";
		};
		224177422C03334700B1B3FF /* FirebaseFirestoreSwift */ = {
			isa = XCSwiftPackageProductDependency;
			package = 224177252C03334700B1B3FF /* XCRemoteSwiftPackageReference "firebase-ios-sdk" */;
			productName = FirebaseFirestoreSwift;
		};
		224177442C03334700B1B3FF /* FirebaseFunctions */ = {
			isa = XCSwiftPackageProductDependency;
			package = 224177252C03334700B1B3FF /* XCRemoteSwiftPackageReference "firebase-ios-sdk" */;
			productName = FirebaseFunctions;
		};
		224177462C03334700B1B3FF /* FirebaseFunctionsCombine-Community */ = {
			isa = XCSwiftPackageProductDependency;
			package = 224177252C03334700B1B3FF /* XCRemoteSwiftPackageReference "firebase-ios-sdk" */;
			productName = "FirebaseFunctionsCombine-Community";
		};
		224177482C03334700B1B3FF /* FirebaseInAppMessaging-Beta */ = {
			isa = XCSwiftPackageProductDependency;
			package = 224177252C03334700B1B3FF /* XCRemoteSwiftPackageReference "firebase-ios-sdk" */;
			productName = "FirebaseInAppMessaging-Beta";
		};
		2241774A2C03334700B1B3FF /* FirebaseInAppMessagingSwift-Beta */ = {
			isa = XCSwiftPackageProductDependency;
			package = 224177252C03334700B1B3FF /* XCRemoteSwiftPackageReference "firebase-ios-sdk" */;
			productName = "FirebaseInAppMessagingSwift-Beta";
		};
		2241774C2C03334700B1B3FF /* FirebaseInstallations */ = {
			isa = XCSwiftPackageProductDependency;
			package = 224177252C03334700B1B3FF /* XCRemoteSwiftPackageReference "firebase-ios-sdk" */;
			productName = FirebaseInstallations;
		};
		2241774E2C03334700B1B3FF /* FirebaseMLModelDownloader */ = {
			isa = XCSwiftPackageProductDependency;
			package = 224177252C03334700B1B3FF /* XCRemoteSwiftPackageReference "firebase-ios-sdk" */;
			productName = FirebaseMLModelDownloader;
		};
		224177502C03334700B1B3FF /* FirebaseMessaging */ = {
			isa = XCSwiftPackageProductDependency;
			package = 224177252C03334700B1B3FF /* XCRemoteSwiftPackageReference "firebase-ios-sdk" */;
			productName = FirebaseMessaging;
		};
		224177522C03334700B1B3FF /* FirebasePerformance */ = {
			isa = XCSwiftPackageProductDependency;
			package = 224177252C03334700B1B3FF /* XCRemoteSwiftPackageReference "firebase-ios-sdk" */;
			productName = FirebasePerformance;
		};
		224177542C03334700B1B3FF /* FirebaseRemoteConfig */ = {
			isa = XCSwiftPackageProductDependency;
			package = 224177252C03334700B1B3FF /* XCRemoteSwiftPackageReference "firebase-ios-sdk" */;
			productName = FirebaseRemoteConfig;
		};
		224177562C03334700B1B3FF /* FirebaseRemoteConfigSwift */ = {
			isa = XCSwiftPackageProductDependency;
			package = 224177252C03334700B1B3FF /* XCRemoteSwiftPackageReference "firebase-ios-sdk" */;
			productName = FirebaseRemoteConfigSwift;
		};
		224177582C03334700B1B3FF /* FirebaseStorage */ = {
			isa = XCSwiftPackageProductDependency;
			package = 224177252C03334700B1B3FF /* XCRemoteSwiftPackageReference "firebase-ios-sdk" */;
			productName = FirebaseStorage;
		};
		2241775A2C03334700B1B3FF /* FirebaseStorageCombine-Community */ = {
			isa = XCSwiftPackageProductDependency;
			package = 224177252C03334700B1B3FF /* XCRemoteSwiftPackageReference "firebase-ios-sdk" */;
			productName = "FirebaseStorageCombine-Community";
		};
		2241775C2C03334700B1B3FF /* FirebaseVertexAI-Preview */ = {
			isa = XCSwiftPackageProductDependency;
			package = 224177252C03334700B1B3FF /* XCRemoteSwiftPackageReference "firebase-ios-sdk" */;
			productName = "FirebaseVertexAI-Preview";
		};
/* End XCSwiftPackageProductDependency section */
	};
	rootObject = 224176F02C0331E300B1B3FF /* Project object */;
}
