// !$*UTF8*$!
{
	archiveVersion = 1;
	classes = {
	};
	objectVersion = 56;
	objects = {

/* Begin PBXBuildFile section */
		224176FC2C0331E300B1B3FF /* alphatodoappApp.swift in Sources */ = {isa = PBXBuildFile; fileRef = 224176FB2C0331E300B1B3FF /* alphatodoappApp.swift */; };
		224176FE2C0331E300B1B3FF /* ContentView.swift in Sources */ = {isa = PBXBuildFile; fileRef = 224176FD2C0331E300B1B3FF /* ContentView.swift */; };
		224177002C0331E400B1B3FF /* Assets.xcassets in Resources */ = {isa = PBXBuildFile; fileRef = 224176FF2C0331E400B1B3FF /* Assets.xcassets */; };
		224177032C0331E400B1B3FF /* Preview Assets.xcassets in Resources */ = {isa = PBXBuildFile; fileRef = 224177022C0331E400B1B3FF /* Preview Assets.xcassets */; };
		2241770D2C0331E400B1B3FF /* alphatodoappTests.swift in Sources */ = {isa = PBXBuildFile; fileRef = 2241770C2C0331E400B1B3FF /* alphatodoappTests.swift */; };
		224177172C0331E400B1B3FF /* alphatodoappUITests.swift in Sources */ = {isa = PBXBuildFile; fileRef = 224177162C0331E400B1B3FF /* alphatodoappUITests.swift */; };
		224177192C0331E400B1B3FF /* alphatodoappUITestsLaunchTests.swift in Sources */ = {isa = PBXBuildFile; fileRef = 224177182C0331E400B1B3FF /* alphatodoappUITestsLaunchTests.swift */; };
/* End PBXBuildFile section */

/* Begin PBXContainerItemProxy section */
		224177092C0331E400B1B3FF /* PBXContainerItemProxy */ = {
			isa = PBXContainerItemProxy;
			containerPortal = 224176F02C0331E300B1B3FF /* Project object */;
			proxyType = 1;
			remoteGlobalIDString = 224176F72C0331E300B1B3FF;
			remoteInfo = alphatodoapp;
		};
		224177132C0331E400B1B3FF /* PBXContainerItemProxy */ = {
			isa = PBXContainerItemProxy;
			containerPortal = 224176F02C0331E300B1B3FF /* Project object */;
			proxyType = 1;
			remoteGlobalIDString = 224176F72C0331E300B1B3FF;
			remoteInfo = alphatodoapp;
		};
/* End PBXContainerItemProxy section */

/* Begin PBXFileReference section */
		224176F82C0331E300B1B3FF /* alphatodoapp.app */ = {isa = PBXFileReference; explicitFileType = wrapper.application; includeInIndex = 0; path = alphatodoapp.app; sourceTree = BUILT_PRODUCTS_DIR; };
		224176FB2C0331E300B1B3FF /* alphatodoappApp.swift */ = {isa = PBXFileReference; lastKnownFileType = sourcecode.swift; path = alphatodoappApp.swift; sourceTree = "<group>"; };
		224176FD2C0331E300B1B3FF /* ContentView.swift */ = {isa = PBXFileReference; lastKnownFileType = sourcecode.swift; path = ContentView.swift; sourceTree = "<group>"; };
		224176FF2C0331E400B1B3FF /* Assets.xcassets */ = {isa = PBXFileReference; lastKnownFileType = folder.assetcatalog; path = Assets.xcassets; sourceTree = "<group>"; };
		224177022C0331E400B1B3FF /* Preview Assets.xcassets */ = {isa = PBXFileReference; lastKnownFileType = folder.assetcatalog; path = "Preview Assets.xcassets"; sourceTree = "<group>"; };
		224177082C0331E400B1B3FF /* alphatodoappTests.xctest */ = {isa = PBXFileReference; explicitFileType = wrapper.cfbundle; includeInIndex = 0; path = alphatodoappTests.xctest; sourceTree = BUILT_PRODUCTS_DIR; };
		2241770C2C0331E400B1B3FF /* alphatodoappTests.swift */ = {isa = PBXFileReference; lastKnownFileType = sourcecode.swift; path = alphatodoappTests.swift; sourceTree = "<group>"; };
		224177122C0331E400B1B3FF /* alphatodoappUITests.xctest */ = {isa = PBXFileReference; explicitFileType = wrapper.cfbundle; includeInIndex = 0; path = alphatodoappUITests.xctest; sourceTree = BUILT_PRODUCTS_DIR; };
		224177162C0331E400B1B3FF /* alphatodoappUITests.swift */ = {isa = PBXFileReference; lastKnownFileType = sourcecode.swift; path = alphatodoappUITests.swift; sourceTree = "<group>"; };
		224177182C0331E400B1B3FF /* alphatodoappUITestsLaunchTests.swift */ = {isa = PBXFileReference; lastKnownFileType = sourcecode.swift; path = alphatodoappUITestsLaunchTests.swift; sourceTree = "<group>"; };
/* End PBXFileReference section */

/* Begin PBXFrameworksBuildPhase section */
		224176F52C0331E300B1B3FF /* Frameworks */ = {
			isa = PBXFrameworksBuildPhase;
			buildActionMask = 2147483647;
			files = (
			);
			runOnlyForDeploymentPostprocessing = 0;
		};
		224177052C0331E400B1B3FF /* Frameworks */ = {
			isa = PBXFrameworksBuildPhase;
			buildActionMask = 2147483647;
			files = (
			);
			runOnlyForDeploymentPostprocessing = 0;
		};
		2241770F2C0331E400B1B3FF /* Frameworks */ = {
			isa = PBXFrameworksBuildPhase;
			buildActionMask = 2147483647;
			files = (
			);
			runOnlyForDeploymentPostprocessing = 0;
		};
/* End PBXFrameworksBuildPhase section */

/* Begin PBXGroup section */
		224176EF2C0331E300B1B3FF = {
			isa = PBXGroup;
			children = (
				224176FA2C0331E300B1B3FF /* alphatodoapp */,
				2241770B2C0331E400B1B3FF /* alphatodoappTests */,
				224177152C0331E400B1B3FF /* alphatodoappUITests */,
				224176F92C0331E300B1B3FF /* Products */,
			);
			sourceTree = "<group>";
		};
		224176F92C0331E300B1B3FF /* Products */ = {
			isa = PBXGroup;
			children = (
				224176F82C0331E300B1B3FF /* alphatodoapp.app */,
				224177082C0331E400B1B3FF /* alphatodoappTests.xctest */,
				224177122C0331E400B1B3FF /* alphatodoappUITests.xctest */,
			);
			name = Products;
			sourceTree = "<group>";
		};
		224176FA2C0331E300B1B3FF /* alphatodoapp */ = {
			isa = PBXGroup;
			children = (
				224176FB2C0331E300B1B3FF /* alphatodoappApp.swift */,
				224176FD2C0331E300B1B3FF /* ContentView.swift */,
				224176FF2C0331E400B1B3FF /* Assets.xcassets */,
				224177012C0331E400B1B3FF /* Preview Content */,
			);
			path = alphatodoapp;
			sourceTree = "<group>";
		};
		224177012C0331E400B1B3FF /* Preview Content */ = {
			isa = PBXGroup;
			children = (
				224177022C0331E400B1B3FF /* Preview Assets.xcassets */,
			);
			path = "Preview Content";
			sourceTree = "<group>";
		};
		2241770B2C0331E400B1B3FF /* alphatodoappTests */ = {
			isa = PBXGroup;
			children = (
				2241770C2C0331E400B1B3FF /* alphatodoappTests.swift */,
			);
			path = alphatodoappTests;
			sourceTree = "<group>";
		};
		224177152C0331E400B1B3FF /* alphatodoappUITests */ = {
			isa = PBXGroup;
			children = (
				224177162C0331E400B1B3FF /* alphatodoappUITests.swift */,
				224177182C0331E400B1B3FF /* alphatodoappUITestsLaunchTests.swift */,
			);
			path = alphatodoappUITests;
			sourceTree = "<group>";
		};
/* End PBXGroup section */

/* Begin PBXNativeTarget section */
		224176F72C0331E300B1B3FF /* alphatodoapp */ = {
			isa = PBXNativeTarget;
			buildConfigurationList = 2241771C2C0331E400B1B3FF /* Build configuration list for PBXNativeTarget "alphatodoapp" */;
			buildPhases = (
				224176F42C0331E300B1B3FF /* Sources */,
				224176F52C0331E300B1B3FF /* Frameworks */,
				224176F62C0331E300B1B3FF /* Resources */,
			);
			buildRules = (
			);
			dependencies = (
			);
			name = alphatodoapp;
			productName = alphatodoapp;
			productReference = 224176F82C0331E300B1B3FF /* alphatodoapp.app */;
			productType = "com.apple.product-type.application";
		};
		224177072C0331E400B1B3FF /* alphatodoappTests */ = {
			isa = PBXNativeTarget;
			buildConfigurationList = 2241771F2C0331E400B1B3FF /* Build configuration list for PBXNativeTarget "alphatodoappTests" */;
			buildPhases = (
				224177042C0331E400B1B3FF /* Sources */,
				224177052C0331E400B1B3FF /* Frameworks */,
				224177062C0331E400B1B3FF /* Resources */,
			);
			buildRules = (
			);
			dependencies = (
				2241770A2C0331E400B1B3FF /* PBXTargetDependency */,
			);
			name = alphatodoappTests;
			productName = alphatodoappTests;
			productReference = 224177082C0331E400B1B3FF /* alphatodoappTests.xctest */;
			productType = "com.apple.product-type.bundle.unit-test";
		};
		224177112C0331E400B1B3FF /* alphatodoappUITests */ = {
			isa = PBXNativeTarget;
			buildConfigurationList = 224177222C0331E400B1B3FF /* Build configuration list for PBXNativeTarget "alphatodoappUITests" */;
			buildPhases = (
				2241770E2C0331E400B1B3FF /* Sources */,
				2241770F2C0331E400B1B3FF /* Frameworks */,
				224177102C0331E400B1B3FF /* Resources */,
			);
			buildRules = (
			);
			dependencies = (
				224177142C0331E400B1B3FF /* PBXTargetDependency */,
			);
			name = alphatodoappUITests;
			productName = alphatodoappUITests;
			productReference = 224177122C0331E400B1B3FF /* alphatodoappUITests.xctest */;
			productType = "com.apple.product-type.bundle.ui-testing";
		};
/* End PBXNativeTarget section */

/* Begin PBXProject section */
		224176F02C0331E300B1B3FF /* Project object */ = {
			isa = PBXProject;
			attributes = {
				BuildIndependentTargetsInParallel = 1;
				LastSwiftUpdateCheck = 1530;
				LastUpgradeCheck = 1530;
				TargetAttributes = {
					224176F72C0331E300B1B3FF = {
						CreatedOnToolsVersion = 15.3;
					};
					224177072C0331E400B1B3FF = {
						CreatedOnToolsVersion = 15.3;
						TestTargetID = 224176F72C0331E300B1B3FF;
					};
					224177112C0331E400B1B3FF = {
						CreatedOnToolsVersion = 15.3;
						TestTargetID = 224176F72C0331E300B1B3FF;
					};
				};
			};
			buildConfigurationList = 224176F32C0331E300B1B3FF /* Build configuration list for PBXProject "alphatodoapp" */;
			compatibilityVersion = "Xcode 14.0";
			developmentRegion = en;
			hasScannedForEncodings = 0;
			knownRegions = (
				en,
				Base,
			);
			mainGroup = 224176EF2C0331E300B1B3FF;
			productRefGroup = 224176F92C0331E300B1B3FF /* Products */;
			projectDirPath = "";
			projectRoot = "";
			targets = (
				224176F72C0331E300B1B3FF /* alphatodoapp */,
				224177072C0331E400B1B3FF /* alphatodoappTests */,
				224177112C0331E400B1B3FF /* alphatodoappUITests */,
			);
		};
/* End PBXProject section */

/* Begin PBXResourcesBuildPhase section */
		224176F62C0331E300B1B3FF /* Resources */ = {
			isa = PBXResourcesBuildPhase;
			buildActionMask = 2147483647;
			files = (
				224177032C0331E400B1B3FF /* Preview Assets.xcassets in Resources */,
				224177002C0331E400B1B3FF /* Assets.xcassets in Resources */,
			);
			runOnlyForDeploymentPostprocessing = 0;
		};
		224177062C0331E400B1B3FF /* Resources */ = {
			isa = PBXResourcesBuildPhase;
			buildActionMask = 2147483647;
			files = (
			);
			runOnlyForDeploymentPostprocessing = 0;
		};
		224177102C0331E400B1B3FF /* Resources */ = {
			isa = PBXResourcesBuildPhase;
			buildActionMask = 2147483647;
			files = (
			);
			runOnlyForDeploymentPostprocessing = 0;
		};
/* End PBXResourcesBuildPhase section */

/* Begin PBXSourcesBuildPhase section */
		224176F42C0331E300B1B3FF /* Sources */ = {
			isa = PBXSourcesBuildPhase;
			buildActionMask = 2147483647;
			files = (
				224176FE2C0331E300B1B3FF /* ContentView.swift in Sources */,
				224176FC2C0331E300B1B3FF /* alphatodoappApp.swift in Sources */,
			);
			runOnlyForDeploymentPostprocessing = 0;
		};
		224177042C0331E400B1B3FF /* Sources */ = {
			isa = PBXSourcesBuildPhase;
			buildActionMask = 2147483647;
			files = (
				2241770D2C0331E400B1B3FF /* alphatodoappTests.swift in Sources */,
			);
			runOnlyForDeploymentPostprocessing = 0;
		};
		2241770E2C0331E400B1B3FF /* Sources */ = {
			isa = PBXSourcesBuildPhase;
			buildActionMask = 2147483647;
			files = (
				224177172C0331E400B1B3FF /* alphatodoappUITests.swift in Sources */,
				224177192C0331E400B1B3FF /* alphatodoappUITestsLaunchTests.swift in Sources */,
			);
			runOnlyForDeploymentPostprocessing = 0;
		};
/* End PBXSourcesBuildPhase section */

/* Begin PBXTargetDependency section */
		2241770A2C0331E400B1B3FF /* PBXTargetDependency */ = {
			isa = PBXTargetDependency;
			target = 224176F72C0331E300B1B3FF /* alphatodoapp */;
			targetProxy = 224177092C0331E400B1B3FF /* PBXContainerItemProxy */;
		};
		224177142C0331E400B1B3FF /* PBXTargetDependency */ = {
			isa = PBXTargetDependency;
			target = 224176F72C0331E300B1B3FF /* alphatodoapp */;
			targetProxy = 224177132C0331E400B1B3FF /* PBXContainerItemProxy */;
		};
/* End PBXTargetDependency section */

/* Begin XCBuildConfiguration section */
		2241771A2C0331E400B1B3FF /* Debug */ = {
			isa = XCBuildConfiguration;
			buildSettings = {
				ALWAYS_SEARCH_USER_PATHS = NO;
				ASSETCATALOG_COMPILER_GENERATE_SWIFT_ASSET_SYMBOL_EXTENSIONS = YES;
				CLANG_ANALYZER_NONNULL = YES;
				CLANG_ANALYZER_NUMBER_OBJECT_CONVERSION = YES_AGGRESSIVE;
				CLANG_CXX_LANGUAGE_STANDARD = "gnu++20";
				CLANG_ENABLE_MODULES = YES;
				CLANG_ENABLE_OBJC_ARC = YES;
				CLANG_ENABLE_OBJC_WEAK = YES;
				CLANG_WARN_BLOCK_CAPTURE_AUTORELEASING = YES;
				CLANG_WARN_BOOL_CONVERSION = YES;
				CLANG_WARN_COMMA = YES;
				CLANG_WARN_CONSTANT_CONVERSION = YES;
				CLANG_WARN_DEPRECATED_OBJC_IMPLEMENTATIONS = YES;
				CLANG_WARN_DIRECT_OBJC_ISA_USAGE = YES_ERROR;
				CLANG_WARN_DOCUMENTATION_COMMENTS = YES;
				CLANG_WARN_EMPTY_BODY = YES;
				CLANG_WARN_ENUM_CONVERSION = YES;
				CLANG_WARN_INFINITE_RECURSION = YES;
				CLANG_WARN_INT_CONVERSION = YES;
				CLANG_WARN_NON_LITERAL_NULL_CONVERSION = YES;
				CLANG_WARN_OBJC_IMPLICIT_RETAIN_SELF = YES;
				CLANG_WARN_OBJC_LITERAL_CONVERSION = YES;
				CLANG_WARN_OBJC_ROOT_CLASS = YES_ERROR;
				CLANG_WARN_QUOTED_INCLUDE_IN_FRAMEWORK_HEADER = YES;
				CLANG_WARN_RANGE_LOOP_ANALYSIS = YES;
				CLANG_WARN_STRICT_PROTOTYPES = YES;
				CLANG_WARN_SUSPICIOUS_MOVE = YES;
				CLANG_WARN_UNGUARDED_AVAILABILITY = YES_AGGRESSIVE;
				CLANG_WARN_UNREACHABLE_CODE = YES;
				CLANG_WARN__DUPLICATE_METHOD_MATCH = YES;
				COPY_PHASE_STRIP = NO;
				DEBUG_INFORMATION_FORMAT = dwarf;
				ENABLE_STRICT_OBJC_MSGSEND = YES;
				ENABLE_TESTABILITY = YES;
				ENABLE_USER_SCRIPT_SANDBOXING = YES;
				GCC_C_LANGUAGE_STANDARD = gnu17;
				GCC_DYNAMIC_NO_PIC = NO;
				GCC_NO_COMMON_BLOCKS = YES;
				GCC_OPTIMIZATION_LEVEL = 0;
				GCC_PREPROCESSOR_DEFINITIONS = (
					"DEBUG=1",
					"$(inherited)",
				);
				GCC_WARN_64_TO_32_BIT_CONVERSION = YES;
				GCC_WARN_ABOUT_RETURN_TYPE = YES_ERROR;
				GCC_WARN_UNDECLARED_SELECTOR = YES;
				GCC_WARN_UNINITIALIZED_AUTOS = YES_AGGRESSIVE;
				GCC_WARN_UNUSED_FUNCTION = YES;
				GCC_WARN_UNUSED_VARIABLE = YES;
				IPHONEOS_DEPLOYMENT_TARGET = 17.4;
				LOCALIZATION_PREFERS_STRING_CATALOGS = YES;
				MTL_ENABLE_DEBUG_INFO = INCLUDE_SOURCE;
				MTL_FAST_MATH = YES;
				ONLY_ACTIVE_ARCH = YES;
				SDKROOT = iphoneos;
				SWIFT_ACTIVE_COMPILATION_CONDITIONS = "DEBUG $(inherited)";
				SWIFT_OPTIMIZATION_LEVEL = "-Onone";
			};
			name = Debug;
		};
		2241771B2C0331E400B1B3FF /* Release */ = {
			isa = XCBuildConfiguration;
			buildSettings = {
				ALWAYS_SEARCH_USER_PATHS = NO;
				ASSETCATALOG_COMPILER_GENERATE_SWIFT_ASSET_SYMBOL_EXTENSIONS = YES;
				CLANG_ANALYZER_NONNULL = YES;
				CLANG_ANALYZER_NUMBER_OBJECT_CONVERSION = YES_AGGRESSIVE;
				CLANG_CXX_LANGUAGE_STANDARD = "gnu++20";
				CLANG_ENABLE_MODULES = YES;
				CLANG_ENABLE_OBJC_ARC = YES;
				CLANG_ENABLE_OBJC_WEAK = YES;
				CLANG_WARN_BLOCK_CAPTURE_AUTORELEASING = YES;
				CLANG_WARN_BOOL_CONVERSION = YES;
				CLANG_WARN_COMMA = YES;
				CLANG_WARN_CONSTANT_CONVERSION = YES;
				CLANG_WARN_DEPRECATED_OBJC_IMPLEMENTATIONS = YES;
				CLANG_WARN_DIRECT_OBJC_ISA_USAGE = YES_ERROR;
				CLANG_WARN_DOCUMENTATION_COMMENTS = YES;
				CLANG_WARN_EMPTY_BODY = YES;
				CLANG_WARN_ENUM_CONVERSION = YES;
				CLANG_WARN_INFINITE_RECURSION = YES;
				CLANG_WARN_INT_CONVERSION = YES;
				CLANG_WARN_NON_LITERAL_NULL_CONVERSION = YES;
				CLANG_WARN_OBJC_IMPLICIT_RETAIN_SELF = YES;
				CLANG_WARN_OBJC_LITERAL_CONVERSION = YES;
				CLANG_WARN_OBJC_ROOT_CLASS = YES_ERROR;
				CLANG_WARN_QUOTED_INCLUDE_IN_FRAMEWORK_HEADER = YES;
				CLANG_WARN_RANGE_LOOP_ANALYSIS = YES;
				CLANG_WARN_STRICT_PROTOTYPES = YES;
				CLANG_WARN_SUSPICIOUS_MOVE = YES;
				CLANG_WARN_UNGUARDED_AVAILABILITY = YES_AGGRESSIVE;
				CLANG_WARN_UNREACHABLE_CODE = YES;
				CLANG_WARN__DUPLICATE_METHOD_MATCH = YES;
				COPY_PHASE_STRIP = NO;
				DEBUG_INFORMATION_FORMAT = "dwarf-with-dsym";
				ENABLE_NS_ASSERTIONS = NO;
				ENABLE_STRICT_OBJC_MSGSEND = YES;
				ENABLE_USER_SCRIPT_SANDBOXING = YES;
				GCC_C_LANGUAGE_STANDARD = gnu17;
				GCC_NO_COMMON_BLOCKS = YES;
				GCC_WARN_64_TO_32_BIT_CONVERSION = YES;
				GCC_WARN_ABOUT_RETURN_TYPE = YES_ERROR;
				GCC_WARN_UNDECLARED_SELECTOR = YES;
				GCC_WARN_UNINITIALIZED_AUTOS = YES_AGGRESSIVE;
				GCC_WARN_UNUSED_FUNCTION = YES;
				GCC_WARN_UNUSED_VARIABLE = YES;
				IPHONEOS_DEPLOYMENT_TARGET = 17.4;
				LOCALIZATION_PREFERS_STRING_CATALOGS = YES;
				MTL_ENABLE_DEBUG_INFO = NO;
				MTL_FAST_MATH = YES;
				SDKROOT = iphoneos;
				SWIFT_COMPILATION_MODE = wholemodule;
				VALIDATE_PRODUCT = YES;
			};
			name = Release;
		};
		2241771D2C0331E400B1B3FF /* Debug */ = {
			isa = XCBuildConfiguration;
			buildSettings = {
				ASSETCATALOG_COMPILER_APPICON_NAME = AppIcon;
				ASSETCATALOG_COMPILER_GLOBAL_ACCENT_COLOR_NAME = AccentColor;
				CODE_SIGN_STYLE = Automatic;
				CURRENT_PROJECT_VERSION = 1;
				DEVELOPMENT_ASSET_PATHS = "\"alphatodoapp/Preview Content\"";
				ENABLE_PREVIEWS = YES;
				GENERATE_INFOPLIST_FILE = YES;
				INFOPLIST_KEY_UIApplicationSceneManifest_Generation = YES;
				INFOPLIST_KEY_UIApplicationSupportsIndirectInputEvents = YES;
				INFOPLIST_KEY_UILaunchScreen_Generation = YES;
				INFOPLIST_KEY_UISupportedInterfaceOrientations_iPad = "UIInterfaceOrientationPortrait UIInterfaceOrientationPortraitUpsideDown UIInterfaceOrientationLandscapeLeft UIInterfaceOrientationLandscapeRight";
				INFOPLIST_KEY_UISupportedInterfaceOrientations_iPhone = "UIInterfaceOrientationPortrait UIInterfaceOrientationLandscapeLeft UIInterfaceOrientationLandscapeRight";
				LD_RUNPATH_SEARCH_PATHS = (
					"$(inherited)",
					"@executable_path/Frameworks",
				);
				MARKETING_VERSION = 1.0;
				PRODUCT_BUNDLE_IDENTIFIER = yasarunyilmaz.alphatodoapp;
				PRODUCT_NAME = "$(TARGET_NAME)";
				SWIFT_EMIT_LOC_STRINGS = YES;
				SWIFT_VERSION = 5.0;
				TARGETED_DEVICE_FAMILY = "1,2";
			};
			name = Debug;
		};
		2241771E2C0331E400B1B3FF /* Release */ = {
			isa = XCBuildConfiguration;
			buildSettings = {
				ASSETCATALOG_COMPILER_APPICON_NAME = AppIcon;
				ASSETCATALOG_COMPILER_GLOBAL_ACCENT_COLOR_NAME = AccentColor;
				CODE_SIGN_STYLE = Automatic;
				CURRENT_PROJECT_VERSION = 1;
				DEVELOPMENT_ASSET_PATHS = "\"alphatodoapp/Preview Content\"";
				ENABLE_PREVIEWS = YES;
				GENERATE_INFOPLIST_FILE = YES;
				INFOPLIST_KEY_UIApplicationSceneManifest_Generation = YES;
				INFOPLIST_KEY_UIApplicationSupportsIndirectInputEvents = YES;
				INFOPLIST_KEY_UILaunchScreen_Generation = YES;
				INFOPLIST_KEY_UISupportedInterfaceOrientations_iPad = "UIInterfaceOrientationPortrait UIInterfaceOrientationPortraitUpsideDown UIInterfaceOrientationLandscapeLeft UIInterfaceOrientationLandscapeRight";
				INFOPLIST_KEY_UISupportedInterfaceOrientations_iPhone = "UIInterfaceOrientationPortrait UIInterfaceOrientationLandscapeLeft UIInterfaceOrientationLandscapeRight";
				LD_RUNPATH_SEARCH_PATHS = (
					"$(inherited)",
					"@executable_path/Frameworks",
				);
				MARKETING_VERSION = 1.0;
				PRODUCT_BUNDLE_IDENTIFIER = yasarunyilmaz.alphatodoapp;
				PRODUCT_NAME = "$(TARGET_NAME)";
				SWIFT_EMIT_LOC_STRINGS = YES;
				SWIFT_VERSION = 5.0;
				TARGETED_DEVICE_FAMILY = "1,2";
			};
			name = Release;
		};
		224177202C0331E400B1B3FF /* Debug */ = {
			isa = XCBuildConfiguration;
			buildSettings = {
				ALWAYS_EMBED_SWIFT_STANDARD_LIBRARIES = YES;
				BUNDLE_LOADER = "$(TEST_HOST)";
				CODE_SIGN_STYLE = Automatic;
				CURRENT_PROJECT_VERSION = 1;
				GENERATE_INFOPLIST_FILE = YES;
				IPHONEOS_DEPLOYMENT_TARGET = 17.4;
				MARKETING_VERSION = 1.0;
				PRODUCT_BUNDLE_IDENTIFIER = yasarunyilmaz.alphatodoappTests;
				PRODUCT_NAME = "$(TARGET_NAME)";
				SWIFT_EMIT_LOC_STRINGS = NO;
				SWIFT_VERSION = 5.0;
				TARGETED_DEVICE_FAMILY = "1,2";
				TEST_HOST = "$(BUILT_PRODUCTS_DIR)/alphatodoapp.app/$(BUNDLE_EXECUTABLE_FOLDER_PATH)/alphatodoapp";
			};
			name = Debug;
		};
		224177212C0331E400B1B3FF /* Release */ = {
			isa = XCBuildConfiguration;
			buildSettings = {
				ALWAYS_EMBED_SWIFT_STANDARD_LIBRARIES = YES;
				BUNDLE_LOADER = "$(TEST_HOST)";
				CODE_SIGN_STYLE = Automatic;
				CURRENT_PROJECT_VERSION = 1;
				GENERATE_INFOPLIST_FILE = YES;
				IPHONEOS_DEPLOYMENT_TARGET = 17.4;
				MARKETING_VERSION = 1.0;
				PRODUCT_BUNDLE_IDENTIFIER = yasarunyilmaz.alphatodoappTests;
				PRODUCT_NAME = "$(TARGET_NAME)";
				SWIFT_EMIT_LOC_STRINGS = NO;
				SWIFT_VERSION = 5.0;
				TARGETED_DEVICE_FAMILY = "1,2";
				TEST_HOST = "$(BUILT_PRODUCTS_DIR)/alphatodoapp.app/$(BUNDLE_EXECUTABLE_FOLDER_PATH)/alphatodoapp";
			};
			name = Release;
		};
		224177232C0331E400B1B3FF /* Debug */ = {
			isa = XCBuildConfiguration;
			buildSettings = {
				ALWAYS_EMBED_SWIFT_STANDARD_LIBRARIES = YES;
				CODE_SIGN_STYLE = Automatic;
				CURRENT_PROJECT_VERSION = 1;
				GENERATE_INFOPLIST_FILE = YES;
				MARKETING_VERSION = 1.0;
				PRODUCT_BUNDLE_IDENTIFIER = yasarunyilmaz.alphatodoappUITests;
				PRODUCT_NAME = "$(TARGET_NAME)";
				SWIFT_EMIT_LOC_STRINGS = NO;
				SWIFT_VERSION = 5.0;
				TARGETED_DEVICE_FAMILY = "1,2";
				TEST_TARGET_NAME = alphatodoapp;
			};
			name = Debug;
		};
		224177242C0331E400B1B3FF /* Release */ = {
			isa = XCBuildConfiguration;
			buildSettings = {
				ALWAYS_EMBED_SWIFT_STANDARD_LIBRARIES = YES;
				CODE_SIGN_STYLE = Automatic;
				CURRENT_PROJECT_VERSION = 1;
				GENERATE_INFOPLIST_FILE = YES;
				MARKETING_VERSION = 1.0;
				PRODUCT_BUNDLE_IDENTIFIER = yasarunyilmaz.alphatodoappUITests;
				PRODUCT_NAME = "$(TARGET_NAME)";
				SWIFT_EMIT_LOC_STRINGS = NO;
				SWIFT_VERSION = 5.0;
				TARGETED_DEVICE_FAMILY = "1,2";
				TEST_TARGET_NAME = alphatodoapp;
			};
			name = Release;
		};
/* End XCBuildConfiguration section */

/* Begin XCConfigurationList section */
		224176F32C0331E300B1B3FF /* Build configuration list for PBXProject "alphatodoapp" */ = {
			isa = XCConfigurationList;
			buildConfigurations = (
				2241771A2C0331E400B1B3FF /* Debug */,
				2241771B2C0331E400B1B3FF /* Release */,
			);
			defaultConfigurationIsVisible = 0;
			defaultConfigurationName = Release;
		};
		2241771C2C0331E400B1B3FF /* Build configuration list for PBXNativeTarget "alphatodoapp" */ = {
			isa = XCConfigurationList;
			buildConfigurations = (
				2241771D2C0331E400B1B3FF /* Debug */,
				2241771E2C0331E400B1B3FF /* Release */,
			);
			defaultConfigurationIsVisible = 0;
			defaultConfigurationName = Release;
		};
		2241771F2C0331E400B1B3FF /* Build configuration list for PBXNativeTarget "alphatodoappTests" */ = {
			isa = XCConfigurationList;
			buildConfigurations = (
				224177202C0331E400B1B3FF /* Debug */,
				224177212C0331E400B1B3FF /* Release */,
			);
			defaultConfigurationIsVisible = 0;
			defaultConfigurationName = Release;
		};
		224177222C0331E400B1B3FF /* Build configuration list for PBXNativeTarget "alphatodoappUITests" */ = {
			isa = XCConfigurationList;
			buildConfigurations = (
				224177232C0331E400B1B3FF /* Debug */,
				224177242C0331E400B1B3FF /* Release */,
			);
			defaultConfigurationIsVisible = 0;
			defaultConfigurationName = Release;
		};
/* End XCConfigurationList section */
	};
	rootObject = 224176F02C0331E300B1B3FF /* Project object */;
}
